
Microsoft Visual Studio Solution File, Format Version 12.00
# Visual Studio Version 16
VisualStudioVersion = 16.0.30621.155
MinimumVisualStudioVersion = 10.0.40219.1
Project("{FAE04EC0-301F-11D3-BF4B-00C04F79EFBC}") = "OnlineShop", "OnlineShop\OnlineShop.csproj", "{828A72FE-D9F9-4C60-9F48-095F3C4B8E3E}"
EndProject
Global
	GlobalSection(SolutionConfigurationPlatforms) = preSolution
		Debug|Any CPU = Debug|Any CPU
		Release|Any CPU = Release|Any CPU
	EndGlobalSection
	GlobalSection(ProjectConfigurationPlatforms) = postSolution
		{828A72FE-D9F9-4C60-9F48-095F3C4B8E3E}.Debug|Any CPU.ActiveCfg = Debug|Any CPU
		{828A72FE-D9F9-4C60-9F48-095F3C4B8E3E}.Debug|Any CPU.Build.0 = Debug|Any CPU
		{828A72FE-D9F9-4C60-9F48-095F3C4B8E3E}.Release|Any CPU.ActiveCfg = Release|Any CPU
		{828A72FE-D9F9-4C60-9F48-095F3C4B8E3E}.Release|Any CPU.Build.0 = Release|Any CPU
	EndGlobalSection
	GlobalSection(SolutionProperties) = preSolution
		HideSolutionNode = FALSE
	EndGlobalSection
	GlobalSection(ExtensibilityGlobals) = postSolution
		SolutionGuid = {689158BD-5285-4DE4-9EF0-FCED48424A6A}
	EndGlobalSection
EndGlobal
